# This file is autogenerated, do not edit; changes may be undone by the next 'dep ensure'.


[[projects]]
  digest = "1:58c033da727ebd5a6769209e479cac9a6e4dab53c879631af3d8161423099d57"
  name = "github.com/go-chi/chi"
  packages = [
    ".",
    "middleware",
  ]
  pruneopts = "UT"
  revision = "da24bba8dcd4021cafac38724bf10dccc97c3e36"
  version = "v4.0.2"

[[projects]]
  digest = "1:54d7b4b9ab2bb2bae35b55eea900bc8fe15cba05a95fc78bf7fd7b82a9a07afa"
  name = "github.com/go-chi/render"
  packages = ["."]
  pruneopts = "UT"
  revision = "3215478343fbc559bd3fc08f7031bb134d6bdad5"
  version = "v1.0.1"

[[projects]]
  digest = "1:e62657cca9badaa308d86e7716083e4c5933bb78e30a17743fc67f50be26f6f4"
  name = "github.com/gorilla/websocket"
  packages = ["."]
  pruneopts = "UT"
  revision = "c3e18be99d19e6b3e8f1559eea2c161a665c4b6b"
  version = "v1.4.1"

[[projects]]
  digest = "1:16ae35b3a854c667baaf55ff5d455c486f7c2baf040a2727f2ef0e4b096b2a95"
  name = "github.com/hashicorp/logutils"
  packages = ["."]
  pruneopts = "UT"
  revision = "a335183dfd075f638afcc820c90591ca3c97eba6"
  version = "v1.0.0"

[[projects]]
  branch = "master"
  digest = "1:459271b8268fe541549b299f65160b1df5abe9ffef0426cc38607f771dbc6bb4"
  name = "github.com/jessevdk/go-flags"
  packages = ["."]
  pruneopts = "UT"
  revision = "c0795c8afcf41dd1d786bebce68636c199b3bb45"

[[projects]]
  digest = "1:3b68aaa159109450b5c0c79e40a02347db7ceb10bb8758687898f7e57d355cf7"
  name = "github.com/nlopes/slack"
  packages = [
    ".",
    "internal/errorsx",
    "internal/timex",
    "slackutilsx",
  ]
  pruneopts = "UT"
  revision = "1af34b6bda3d43878255fff7bd2884ea0c23295e"
  version = "v0.6.0"

[[projects]]
  digest = "1:cf31692c14422fa27c83a05292eb5cbe0fb2775972e8f1f8446a71549bd8980b"
  name = "github.com/pkg/errors"
  packages = ["."]
  pruneopts = "UT"
  revision = "ba968bfe8b2f7e042a574c888954fccecfa385b4"
  version = "v0.8.1"

[[projects]]
  digest = "1:f2ac2c724fc8214bb7b9dd6d4f5b7a983152051f5133320f228557182263cb94"
  name = "go.etcd.io/bbolt"
  packages = ["."]
  pruneopts = "UT"
  revision = "a0458a2b35708eef59eb5f620ceb3cd1c01a824d"
  version = "v1.3.3"

[[projects]]
  branch = "master"
  digest = "1:9a9d873379b3a947a4a1606caea86ce9c4aec8e5b0fae406c5785b052664eb16"
  name = "golang.org/x/sys"
  packages = ["unix"]
  pruneopts = "UT"
  revision = "bbd175535a8b9969bb0b33f1502f681ee0b122bd"

[solve-meta]
  analyzer-name = "dep"
  analyzer-version = 1
  input-imports = [
    "github.com/go-chi/chi",
    "github.com/go-chi/chi/middleware",
    "github.com/go-chi/render",
    "github.com/hashicorp/logutils",
    "github.com/jessevdk/go-flags",
    "github.com/nlopes/slack",
    "github.com/pkg/errors",
    "go.etcd.io/bbolt",
  ]
  solver-name = "gps-cdcl"
  solver-version = 1
